
Microsoft Visual Studio Solution File, Format Version 12.00
# Visual Studio 15
VisualStudioVersion = 15.0.28010.2016
MinimumVisualStudioVersion = 10.0.40219.1
Project("{FAE04EC0-301F-11D3-BF4B-00C04F79EFBC}") = "Battleship", "Battleship\Battleship.csproj", "{DC3F65E6-DFCB-4F8B-877E-4A1B8F92A581}"
EndProject
Global
	GlobalSection(SolutionConfigurationPlatforms) = preSolution
		Debug|Any CPU = Debug|Any CPU
		Release|Any CPU = Release|Any CPU
	EndGlobalSection
	GlobalSection(ProjectConfigurationPlatforms) = postSolution
		{DC3F65E6-DFCB-4F8B-877E-4A1B8F92A581}.Debug|Any CPU.ActiveCfg = Debug|Any CPU
		{DC3F65E6-DFCB-4F8B-877E-4A1B8F92A581}.Debug|Any CPU.Build.0 = Debug|Any CPU
		{DC3F65E6-DFCB-4F8B-877E-4A1B8F92A581}.Release|Any CPU.ActiveCfg = Release|Any CPU
		{DC3F65E6-DFCB-4F8B-877E-4A1B8F92A581}.Release|Any CPU.Build.0 = Release|Any CPU
	EndGlobalSection
	GlobalSection(SolutionProperties) = preSolution
		HideSolutionNode = FALSE
	EndGlobalSection
	GlobalSection(ExtensibilityGlobals) = postSolution
		SolutionGuid = {B56E989B-A6B6-48CB-8637-F8F9C7F83CA0}
	EndGlobalSection
EndGlobal
